
Microsoft Visual Studio Solution File, Format Version 12.00
# Visual Studio Version 17
VisualStudioVersion = 17.1.32328.378
MinimumVisualStudioVersion = 10.0.40219.1
Project("{FAE04EC0-301F-11D3-BF4B-00C04F79EFBC}") = "WinsExchangeBot", "WinsExchangeBot\WinsExchangeBot.csproj", "{DA40E58A-1884-462F-95D5-DAFACDB926CE}"
EndProject
Global
	GlobalSection(SolutionConfigurationPlatforms) = preSolution
		Debug|Any CPU = Debug|Any CPU
		Release|Any CPU = Release|Any CPU
	EndGlobalSection
	GlobalSection(ProjectConfigurationPlatforms) = postSolution
		{DA40E58A-1884-462F-95D5-DAFACDB926CE}.Debug|Any CPU.ActiveCfg = Debug|Any CPU
		{DA40E58A-1884-462F-95D5-DAFACDB926CE}.Debug|Any CPU.Build.0 = Debug|Any CPU
		{DA40E58A-1884-462F-95D5-DAFACDB926CE}.Release|Any CPU.ActiveCfg = Release|Any CPU
		{DA40E58A-1884-462F-95D5-DAFACDB926CE}.Release|Any CPU.Build.0 = Release|Any CPU
	EndGlobalSection
	GlobalSection(SolutionProperties) = preSolution
		HideSolutionNode = FALSE
	EndGlobalSection
	GlobalSection(ExtensibilityGlobals) = postSolution
		SolutionGuid = {E7858A5B-A2EB-435E-A281-DE96B87ABED7}
	EndGlobalSection
EndGlobal
